{
  "nodes": {
    "nixpkgs": {
      "locked": {
        "lastModified": 1715100602,
        "narHash": "sha256-FwUAQwOvEBpVFkE2X3/AWA66sZoU6mdV3jZw0tHxup4=",
        "owner": "anpin",
        "repo": "nixpkgs",
        "rev": "c8f95133463fd41e83425351a095f31910c324b9",
        "type": "github"
      },
      "original": {
        "owner": "anpin",
        "ref": "next",
        "repo": "nixpkgs",
        "type": "github"
      }
    },
    "root": {
      "inputs": {
        "nixpkgs": "nixpkgs"
      }
    }
  },
  "root": "root",
  "version": 7
}
