{
  "nodes": {
    "nixpkgs": {
      "locked": {
        "lastModified": 1723133920,
        "narHash": "sha256-Ud8WHsYGnBgUoX4t11G+InEgnGyf5RPczyQJpv/fW3Q=",
        "owner": "nixos",
        "repo": "nixpkgs",
        "rev": "04b544137c0c2c46efa02503b55eb626e4c029b8",
        "type": "github"
      },
      "original": {
        "owner": "nixos",
        "ref": "master",
        "repo": "nixpkgs",
        "type": "github"
      }
    },
    "root": {
      "inputs": {
        "nixpkgs": "nixpkgs"
      }
    }
  },
  "root": "root",
  "version": 7
}
